
Microsoft Visual Studio Solution File, Format Version 12.00
# Visual Studio Version 17
VisualStudioVersion = 17.11.35312.102
MinimumVisualStudioVersion = 10.0.40219.1
Project("{9A19103F-16F7-4668-BE54-9A1E7A4F7556}") = "HomeworkSolyanka", "HomeworkSolyanka\HomeworkSolyanka.csproj", "{27F0C881-4EFD-4A04-8F22-EA21C25A5823}"
EndProject
Global
	GlobalSection(SolutionConfigurationPlatforms) = preSolution
		Debug|Any CPU = Debug|Any CPU
		Release|Any CPU = Release|Any CPU
	EndGlobalSection
	GlobalSection(ProjectConfigurationPlatforms) = postSolution
		{27F0C881-4EFD-4A04-8F22-EA21C25A5823}.Debug|Any CPU.ActiveCfg = Debug|Any CPU
		{27F0C881-4EFD-4A04-8F22-EA21C25A5823}.Debug|Any CPU.Build.0 = Debug|Any CPU
		{27F0C881-4EFD-4A04-8F22-EA21C25A5823}.Release|Any CPU.ActiveCfg = Release|Any CPU
		{27F0C881-4EFD-4A04-8F22-EA21C25A5823}.Release|Any CPU.Build.0 = Release|Any CPU
	EndGlobalSection
	GlobalSection(SolutionProperties) = preSolution
		HideSolutionNode = FALSE
	EndGlobalSection
	GlobalSection(ExtensibilityGlobals) = postSolution
		SolutionGuid = {D7C3013A-ACC1-4F35-B43D-7EA0B2734429}
	EndGlobalSection
EndGlobal
